
Microsoft Visual Studio Solution File, Format Version 12.00
# Visual Studio Version 17
VisualStudioVersion = 17.14.36717.8
MinimumVisualStudioVersion = 10.0.40219.1
Project("{2150E333-8FDC-42A3-9474-1A3956D46DE8}") = "src", "src", "{02EA681E-C7D8-13C7-8484-4AC65E1B71E8}"
	ProjectSection(SolutionItems) = preProject
		docker-compose.yml = docker-compose.yml
	EndProjectSection
EndProject
Project("{FAE04EC0-301F-11D3-BF4B-00C04F79EFBC}") = "K9.SharedKernel", "K9.SharedKernel\K9.SharedKernel.csproj", "{5C86BCA1-D4FC-4474-B09A-90C25990F6B9}"
EndProject
Project("{FAE04EC0-301F-11D3-BF4B-00C04F79EFBC}") = "K9.Bootstrapper", "K9.Bootstrapper\K9.Bootstrapper.csproj", "{CC05624C-C67F-4931-9DF6-EF0091FE8289}"
EndProject
Project("{2150E333-8FDC-42A3-9474-1A3956D46DE8}") = "Modules", "Modules", "{B5823A9C-9E53-4BAB-AEA6-1EDBF5E5170B}"
EndProject
Project("{FAE04EC0-301F-11D3-BF4B-00C04F79EFBC}") = "K9.Modules.Health", "K9.Modules.Health\K9.Modules.Health.csproj", "{B5D423F1-DF17-4C78-899D-7AB09B9E8BF1}"
EndProject
Project("{FAE04EC0-301F-11D3-BF4B-00C04F79EFBC}") = "K9.Modules.Activity", "K9.Modules.Activity\K9.Modules.Activity.csproj", "{5EB3FF0A-B818-4410-8A4C-FBF5C31340CF}"
EndProject
Project("{FAE04EC0-301F-11D3-BF4B-00C04F79EFBC}") = "K9.Modules.Identity", "K9.Modules.Identity\K9.Modules.Identity.csproj", "{C4B4827D-E56F-4845-8C65-743285D7000B}"
EndProject
Project("{2150E333-8FDC-42A3-9474-1A3956D46DE8}") = "tests", "tests", "{0AB3BF05-4346-4AA6-1389-037BE0695223}"
EndProject
Project("{FAE04EC0-301F-11D3-BF4B-00C04F79EFBC}") = "K9.Modules.Health.Tests.Unit", "tests\K9.Modules.Health.Tests.Unit\K9.Modules.Health.Tests.Unit.csproj", "{903F7AC1-4C32-4912-BF33-F77FB5DA1CDE}"
EndProject
Project("{FAE04EC0-301F-11D3-BF4B-00C04F79EFBC}") = "K9.Tests.Integration", "tests\K9.Tests.Integration\K9.Tests.Integration.csproj", "{E449331F-BF5E-4EE0-B7FC-099BD60CDFED}"
EndProject
Project("{2150E333-8FDC-42A3-9474-1A3956D46DE8}") = "Solution Items", "Solution Items", "{8EC462FD-D22E-90A8-E5CE-7E832BA40C5D}"
	ProjectSection(SolutionItems) = preProject
		CONTEXT_SPEC.md = CONTEXT_SPEC.md
		readme.md = readme.md
	EndProjectSection
EndProject
Global
	GlobalSection(SolutionConfigurationPlatforms) = preSolution
		Debug|Any CPU = Debug|Any CPU
		Debug|x64 = Debug|x64
		Debug|x86 = Debug|x86
		Release|Any CPU = Release|Any CPU
		Release|x64 = Release|x64
		Release|x86 = Release|x86
	EndGlobalSection
	GlobalSection(ProjectConfigurationPlatforms) = postSolution
		{5C86BCA1-D4FC-4474-B09A-90C25990F6B9}.Debug|Any CPU.ActiveCfg = Debug|Any CPU
		{5C86BCA1-D4FC-4474-B09A-90C25990F6B9}.Debug|Any CPU.Build.0 = Debug|Any CPU
		{5C86BCA1-D4FC-4474-B09A-90C25990F6B9}.Debug|x64.ActiveCfg = Debug|Any CPU
		{5C86BCA1-D4FC-4474-B09A-90C25990F6B9}.Debug|x64.Build.0 = Debug|Any CPU
		{5C86BCA1-D4FC-4474-B09A-90C25990F6B9}.Debug|x86.ActiveCfg = Debug|Any CPU
		{5C86BCA1-D4FC-4474-B09A-90C25990F6B9}.Debug|x86.Build.0 = Debug|Any CPU
		{5C86BCA1-D4FC-4474-B09A-90C25990F6B9}.Release|Any CPU.ActiveCfg = Release|Any CPU
		{5C86BCA1-D4FC-4474-B09A-90C25990F6B9}.Release|Any CPU.Build.0 = Release|Any CPU
		{5C86BCA1-D4FC-4474-B09A-90C25990F6B9}.Release|x64.ActiveCfg = Release|Any CPU
		{5C86BCA1-D4FC-4474-B09A-90C25990F6B9}.Release|x64.Build.0 = Release|Any CPU
		{5C86BCA1-D4FC-4474-B09A-90C25990F6B9}.Release|x86.ActiveCfg = Release|Any CPU
		{5C86BCA1-D4FC-4474-B09A-90C25990F6B9}.Release|x86.Build.0 = Release|Any CPU
		{CC05624C-C67F-4931-9DF6-EF0091FE8289}.Debug|Any CPU.ActiveCfg = Debug|Any CPU
		{CC05624C-C67F-4931-9DF6-EF0091FE8289}.Debug|Any CPU.Build.0 = Debug|Any CPU
		{CC05624C-C67F-4931-9DF6-EF0091FE8289}.Debug|x64.ActiveCfg = Debug|Any CPU
		{CC05624C-C67F-4931-9DF6-EF0091FE8289}.Debug|x64.Build.0 = Debug|Any CPU
		{CC05624C-C67F-4931-9DF6-EF0091FE8289}.Debug|x86.ActiveCfg = Debug|Any CPU
		{CC05624C-C67F-4931-9DF6-EF0091FE8289}.Debug|x86.Build.0 = Debug|Any CPU
		{CC05624C-C67F-4931-9DF6-EF0091FE8289}.Release|Any CPU.ActiveCfg = Release|Any CPU
		{CC05624C-C67F-4931-9DF6-EF0091FE8289}.Release|Any CPU.Build.0 = Release|Any CPU
		{CC05624C-C67F-4931-9DF6-EF0091FE8289}.Release|x64.ActiveCfg = Release|Any CPU
		{CC05624C-C67F-4931-9DF6-EF0091FE8289}.Release|x64.Build.0 = Release|Any CPU
		{CC05624C-C67F-4931-9DF6-EF0091FE8289}.Release|x86.ActiveCfg = Release|Any CPU
		{CC05624C-C67F-4931-9DF6-EF0091FE8289}.Release|x86.Build.0 = Release|Any CPU
		{B5D423F1-DF17-4C78-899D-7AB09B9E8BF1}.Debug|Any CPU.ActiveCfg = Debug|Any CPU
		{B5D423F1-DF17-4C78-899D-7AB09B9E8BF1}.Debug|Any CPU.Build.0 = Debug|Any CPU
		{B5D423F1-DF17-4C78-899D-7AB09B9E8BF1}.Debug|x64.ActiveCfg = Debug|Any CPU
		{B5D423F1-DF17-4C78-899D-7AB09B9E8BF1}.Debug|x64.Build.0 = Debug|Any CPU
		{B5D423F1-DF17-4C78-899D-7AB09B9E8BF1}.Debug|x86.ActiveCfg = Debug|Any CPU
		{B5D423F1-DF17-4C78-899D-7AB09B9E8BF1}.Debug|x86.Build.0 = Debug|Any CPU
		{B5D423F1-DF17-4C78-899D-7AB09B9E8BF1}.Release|Any CPU.ActiveCfg = Release|Any CPU
		{B5D423F1-DF17-4C78-899D-7AB09B9E8BF1}.Release|Any CPU.Build.0 = Release|Any CPU
		{B5D423F1-DF17-4C78-899D-7AB09B9E8BF1}.Release|x64.ActiveCfg = Release|Any CPU
		{B5D423F1-DF17-4C78-899D-7AB09B9E8BF1}.Release|x64.Build.0 = Release|Any CPU
		{B5D423F1-DF17-4C78-899D-7AB09B9E8BF1}.Release|x86.ActiveCfg = Release|Any CPU
		{B5D423F1-DF17-4C78-899D-7AB09B9E8BF1}.Release|x86.Build.0 = Release|Any CPU
		{5EB3FF0A-B818-4410-8A4C-FBF5C31340CF}.Debug|Any CPU.ActiveCfg = Debug|Any CPU
		{5EB3FF0A-B818-4410-8A4C-FBF5C31340CF}.Debug|Any CPU.Build.0 = Debug|Any CPU
		{5EB3FF0A-B818-4410-8A4C-FBF5C31340CF}.Debug|x64.ActiveCfg = Debug|Any CPU
		{5EB3FF0A-B818-4410-8A4C-FBF5C31340CF}.Debug|x64.Build.0 = Debug|Any CPU
		{5EB3FF0A-B818-4410-8A4C-FBF5C31340CF}.Debug|x86.ActiveCfg = Debug|Any CPU
		{5EB3FF0A-B818-4410-8A4C-FBF5C31340CF}.Debug|x86.Build.0 = Debug|Any CPU
		{5EB3FF0A-B818-4410-8A4C-FBF5C31340CF}.Release|Any CPU.ActiveCfg = Release|Any CPU
		{5EB3FF0A-B818-4410-8A4C-FBF5C31340CF}.Release|Any CPU.Build.0 = Release|Any CPU
		{5EB3FF0A-B818-4410-8A4C-FBF5C31340CF}.Release|x64.ActiveCfg = Release|Any CPU
		{5EB3FF0A-B818-4410-8A4C-FBF5C31340CF}.Release|x64.Build.0 = Release|Any CPU
		{5EB3FF0A-B818-4410-8A4C-FBF5C31340CF}.Release|x86.ActiveCfg = Release|Any CPU
		{5EB3FF0A-B818-4410-8A4C-FBF5C31340CF}.Release|x86.Build.0 = Release|Any CPU
		{C4B4827D-E56F-4845-8C65-743285D7000B}.Debug|Any CPU.ActiveCfg = Debug|Any CPU
		{C4B4827D-E56F-4845-8C65-743285D7000B}.Debug|Any CPU.Build.0 = Debug|Any CPU
		{C4B4827D-E56F-4845-8C65-743285D7000B}.Debug|x64.ActiveCfg = Debug|Any CPU
		{C4B4827D-E56F-4845-8C65-743285D7000B}.Debug|x64.Build.0 = Debug|Any CPU
		{C4B4827D-E56F-4845-8C65-743285D7000B}.Debug|x86.ActiveCfg = Debug|Any CPU
		{C4B4827D-E56F-4845-8C65-743285D7000B}.Debug|x86.Build.0 = Debug|Any CPU
		{C4B4827D-E56F-4845-8C65-743285D7000B}.Release|Any CPU.ActiveCfg = Release|Any CPU
		{C4B4827D-E56F-4845-8C65-743285D7000B}.Release|Any CPU.Build.0 = Release|Any CPU
		{C4B4827D-E56F-4845-8C65-743285D7000B}.Release|x64.ActiveCfg = Release|Any CPU
		{C4B4827D-E56F-4845-8C65-743285D7000B}.Release|x64.Build.0 = Release|Any CPU
		{C4B4827D-E56F-4845-8C65-743285D7000B}.Release|x86.ActiveCfg = Release|Any CPU
		{C4B4827D-E56F-4845-8C65-743285D7000B}.Release|x86.Build.0 = Release|Any CPU
		{903F7AC1-4C32-4912-BF33-F77FB5DA1CDE}.Debug|Any CPU.ActiveCfg = Debug|Any CPU
		{903F7AC1-4C32-4912-BF33-F77FB5DA1CDE}.Debug|Any CPU.Build.0 = Debug|Any CPU
		{903F7AC1-4C32-4912-BF33-F77FB5DA1CDE}.Debug|x64.ActiveCfg = Debug|Any CPU
		{903F7AC1-4C32-4912-BF33-F77FB5DA1CDE}.Debug|x64.Build.0 = Debug|Any CPU
		{903F7AC1-4C32-4912-BF33-F77FB5DA1CDE}.Debug|x86.ActiveCfg = Debug|Any CPU
		{903F7AC1-4C32-4912-BF33-F77FB5DA1CDE}.Debug|x86.Build.0 = Debug|Any CPU
		{903F7AC1-4C32-4912-BF33-F77FB5DA1CDE}.Release|Any CPU.ActiveCfg = Release|Any CPU
		{903F7AC1-4C32-4912-BF33-F77FB5DA1CDE}.Release|Any CPU.Build.0 = Release|Any CPU
		{903F7AC1-4C32-4912-BF33-F77FB5DA1CDE}.Release|x64.ActiveCfg = Release|Any CPU
		{903F7AC1-4C32-4912-BF33-F77FB5DA1CDE}.Release|x64.Build.0 = Release|Any CPU
		{903F7AC1-4C32-4912-BF33-F77FB5DA1CDE}.Release|x86.ActiveCfg = Release|Any CPU
		{903F7AC1-4C32-4912-BF33-F77FB5DA1CDE}.Release|x86.Build.0 = Release|Any CPU
		{E449331F-BF5E-4EE0-B7FC-099BD60CDFED}.Debug|Any CPU.ActiveCfg = Debug|Any CPU
		{E449331F-BF5E-4EE0-B7FC-099BD60CDFED}.Debug|Any CPU.Build.0 = Debug|Any CPU
		{E449331F-BF5E-4EE0-B7FC-099BD60CDFED}.Debug|x64.ActiveCfg = Debug|Any CPU
		{E449331F-BF5E-4EE0-B7FC-099BD60CDFED}.Debug|x64.Build.0 = Debug|Any CPU
		{E449331F-BF5E-4EE0-B7FC-099BD60CDFED}.Debug|x86.ActiveCfg = Debug|Any CPU
		{E449331F-BF5E-4EE0-B7FC-099BD60CDFED}.Debug|x86.Build.0 = Debug|Any CPU
		{E449331F-BF5E-4EE0-B7FC-099BD60CDFED}.Release|Any CPU.ActiveCfg = Release|Any CPU
		{E449331F-BF5E-4EE0-B7FC-099BD60CDFED}.Release|Any CPU.Build.0 = Release|Any CPU
		{E449331F-BF5E-4EE0-B7FC-099BD60CDFED}.Release|x64.ActiveCfg = Release|Any CPU
		{E449331F-BF5E-4EE0-B7FC-099BD60CDFED}.Release|x64.Build.0 = Release|Any CPU
		{E449331F-BF5E-4EE0-B7FC-099BD60CDFED}.Release|x86.ActiveCfg = Release|Any CPU
		{E449331F-BF5E-4EE0-B7FC-099BD60CDFED}.Release|x86.Build.0 = Release|Any CPU
	EndGlobalSection
	GlobalSection(SolutionProperties) = preSolution
		HideSolutionNode = FALSE
	EndGlobalSection
	GlobalSection(NestedProjects) = preSolution
		{5C86BCA1-D4FC-4474-B09A-90C25990F6B9} = {02EA681E-C7D8-13C7-8484-4AC65E1B71E8}
		{CC05624C-C67F-4931-9DF6-EF0091FE8289} = {02EA681E-C7D8-13C7-8484-4AC65E1B71E8}
		{B5823A9C-9E53-4BAB-AEA6-1EDBF5E5170B} = {02EA681E-C7D8-13C7-8484-4AC65E1B71E8}
		{B5D423F1-DF17-4C78-899D-7AB09B9E8BF1} = {B5823A9C-9E53-4BAB-AEA6-1EDBF5E5170B}
		{5EB3FF0A-B818-4410-8A4C-FBF5C31340CF} = {B5823A9C-9E53-4BAB-AEA6-1EDBF5E5170B}
		{C4B4827D-E56F-4845-8C65-743285D7000B} = {B5823A9C-9E53-4BAB-AEA6-1EDBF5E5170B}
		{903F7AC1-4C32-4912-BF33-F77FB5DA1CDE} = {0AB3BF05-4346-4AA6-1389-037BE0695223}
		{E449331F-BF5E-4EE0-B7FC-099BD60CDFED} = {0AB3BF05-4346-4AA6-1389-037BE0695223}
	EndGlobalSection
	GlobalSection(ExtensibilityGlobals) = postSolution
		SolutionGuid = {8A86CFA6-34F5-43B7-A317-2CC9AAF8602E}
	EndGlobalSection
EndGlobal
